
Microsoft Visual Studio Solution File, Format Version 12.00
# Visual Studio Version 17
VisualStudioVersion = 17.3.32929.385
MinimumVisualStudioVersion = 10.0.40219.1
Project("{FAE04EC0-301F-11D3-BF4B-00C04F79EFBC}") = "Set1", "Set1\Set1.csproj", "{CA6E87E9-B071-4EE1-9468-F9454CE17DDB}"
EndProject
Global
	GlobalSection(SolutionConfigurationPlatforms) = preSolution
		Debug|Any CPU = Debug|Any CPU
		Release|Any CPU = Release|Any CPU
	EndGlobalSection
	GlobalSection(ProjectConfigurationPlatforms) = postSolution
		{CA6E87E9-B071-4EE1-9468-F9454CE17DDB}.Debug|Any CPU.ActiveCfg = Debug|Any CPU
		{CA6E87E9-B071-4EE1-9468-F9454CE17DDB}.Debug|Any CPU.Build.0 = Debug|Any CPU
		{CA6E87E9-B071-4EE1-9468-F9454CE17DDB}.Release|Any CPU.ActiveCfg = Release|Any CPU
		{CA6E87E9-B071-4EE1-9468-F9454CE17DDB}.Release|Any CPU.Build.0 = Release|Any CPU
	EndGlobalSection
	GlobalSection(SolutionProperties) = preSolution
		HideSolutionNode = FALSE
	EndGlobalSection
	GlobalSection(ExtensibilityGlobals) = postSolution
		SolutionGuid = {E0557EDE-D73C-43A6-80AF-FE699864AEF5}
	EndGlobalSection
EndGlobal
